
Microsoft Visual Studio Solution File, Format Version 12.00
# Visual Studio Version 17
VisualStudioVersion = 17.5.002.0
MinimumVisualStudioVersion = 10.0.40219.1
Project("{2150E333-8FDC-42A3-9474-1A3956D46DE8}") = "src", "src", "{93E06BAB-005B-4807-BD05-51784882FC5E}"
EndProject
Project("{2150E333-8FDC-42A3-9474-1A3956D46DE8}") = "homework9", "homework9", "{F6240434-0EC5-406A-A126-DD0FB2A1C916}"
EndProject
Project("{9A19103F-16F7-4668-BE54-9A1E7A4F7556}") = "MyForstWebApplication", "src\homework9\MyFirstWebApplication\MyForstWebApplication.csproj", "{2D7EBE07-4012-4F36-9B71-8ED25D253C5F}"
EndProject
Global
	GlobalSection(SolutionConfigurationPlatforms) = preSolution
		Debug|Any CPU = Debug|Any CPU
		Release|Any CPU = Release|Any CPU
	EndGlobalSection
	GlobalSection(ProjectConfigurationPlatforms) = postSolution
		{2D7EBE07-4012-4F36-9B71-8ED25D253C5F}.Debug|Any CPU.ActiveCfg = Debug|Any CPU
		{2D7EBE07-4012-4F36-9B71-8ED25D253C5F}.Debug|Any CPU.Build.0 = Debug|Any CPU
		{2D7EBE07-4012-4F36-9B71-8ED25D253C5F}.Release|Any CPU.ActiveCfg = Release|Any CPU
		{2D7EBE07-4012-4F36-9B71-8ED25D253C5F}.Release|Any CPU.Build.0 = Release|Any CPU
	EndGlobalSection
	GlobalSection(SolutionProperties) = preSolution
		HideSolutionNode = FALSE
	EndGlobalSection
	GlobalSection(NestedProjects) = preSolution
		{F6240434-0EC5-406A-A126-DD0FB2A1C916} = {93E06BAB-005B-4807-BD05-51784882FC5E}
		{2D7EBE07-4012-4F36-9B71-8ED25D253C5F} = {F6240434-0EC5-406A-A126-DD0FB2A1C916}
	EndGlobalSection
	GlobalSection(ExtensibilityGlobals) = postSolution
		SolutionGuid = {8187C25A-0779-4F9B-BD93-DB0BFC3F5F6A}
	EndGlobalSection
EndGlobal
